# This file is autogenerated, do not edit; changes may be undone by the next 'dep ensure'.


[[projects]]
  branch = "master"
  digest = "1:8145bfc1e71c5106a3bb385daaae0c00371a50afd87e8a105c1c4170ec8d2492"
  name = "github.com/VendettA01/e3w"
  packages = ["auth"]
  pruneopts = ""
  revision = "8e5ed25a8e621d4edf3521c60d73a70acc1e16c6"

[[projects]]
  digest = "1:19503575da62ecbdc62201d3247c579e6af823cc2ed131c38978bee161e43538"
  name = "github.com/coreos/etcd"
  packages = [
    "auth/authpb",
    "clientv3",
    "etcdserver/api/v3rpc/rpctypes",
    "etcdserver/etcdserverpb",
    "mvcc/mvccpb",
    "pkg/tlsutil",
    "pkg/transport",
    "version",
  ]
  pruneopts = ""
  revision = "694728c496e22dfa5719c78ff23cc982e15bcb2f"
  version = "v3.2.10"

[[projects]]
  digest = "1:8495649476b2da658de5f993fa2758f342114ce057b6c559d26cf380447eaed8"
  name = "github.com/coreos/go-semver"
  packages = ["semver"]
  pruneopts = ""
  revision = "e214231b295a8ea9479f11b70b35d5acf3556d9b"
  version = "v0.3.0"

[[projects]]
  branch = "master"
  digest = "1:1120f960f5c334f0f94bad29eefaf73d52d226893369693686148f66c1993f15"
  name = "github.com/gin-contrib/sse"
  packages = ["."]
  pruneopts = ""
  revision = "22d885f9ecc78bf4ee5d72b937e4bbcdc58e8cae"

[[projects]]
  digest = "1:348ceb76f2ac958e541e4ba3190484b68df28c38ac9720ed4ef8d36af69ce52e"
  name = "github.com/gin-gonic/gin"
  packages = [
    ".",
    "binding",
    "render",
  ]
  pruneopts = ""
  revision = "d459835d2b077e44f7c9b453505ee29881d5d12d"
  version = "v1.2"

[[projects]]
  digest = "1:0df30302a1c79488a195bc7a39843015a32917ce73a0d9682bb757776e99a0cc"
  name = "github.com/go-asn1-ber/asn1-ber"
  packages = ["."]
  pruneopts = ""
  revision = "29be175fc3a3b1787c008093b829fbfee40decd6"
  version = "v1.4"

[[projects]]
  digest = "1:68c64bb61d55dcd17c82ca0b871ddddb5ae18b30cfe26f6bfd4b6df6287dc2e0"
  name = "github.com/golang/mock"
  packages = ["gomock"]
  pruneopts = ""
  revision = "9fa652df1129bef0e734c9cf9bf6dbae9ef3b9fa"
  version = "1.3.1"

[[projects]]
  branch = "master"
  digest = "1:27854310d59099f8dcc61dd8af4a69f0a3597f001154b2fb4d1c41baf2e31ec1"
  name = "github.com/golang/protobuf"
  packages = [
    "proto",
    "protoc-gen-go/descriptor",
    "ptypes",
    "ptypes/any",
    "ptypes/duration",
    "ptypes/timestamp",
  ]
  pruneopts = ""
  revision = "130e6b02ab059e7b717a096f397c5b60111cae74"

[[projects]]
  digest = "1:420bb8eabfa6dff0cb5c8e786489a420e7e9d93a8b1d83882cce70c5a5b9bc3e"
  name = "github.com/mattn/go-isatty"
  packages = ["."]
  pruneopts = ""
  revision = "fc9e8d8ef48496124e79ae0df75490096eccf6fe"
  version = "v0.0.2"

[[projects]]
  digest = "1:1d7e1867c49a6dd9856598ef7c3123604ea3daabf5b83f303ff457bcbc410b1d"
  name = "github.com/pkg/errors"
  packages = ["."]
  pruneopts = ""
  revision = "ba968bfe8b2f7e042a574c888954fccecfa385b4"
  version = "v0.8.1"

[[projects]]
  digest = "1:7f569d906bdd20d906b606415b7d794f798f91a62fcfb6a4daa6d50690fb7a3f"
  name = "github.com/satori/go.uuid"
  packages = ["."]
  pruneopts = ""
  revision = "f58768cc1a7a7e77a3bd49e98cdd21419399b6a3"
  version = "v1.2.0"

[[projects]]
  digest = "1:dd3c350afe4388d65820f2ab48b315bde68736a5c72af392bb2a1bfb499194ad"
  name = "github.com/soyking/e3ch"
  packages = ["."]
  pruneopts = ""
  revision = "04eed13042a216c0e7953d180a954141e81d5f53"
  version = "v1.0.1"

[[projects]]
  branch = "master"
  digest = "1:6c2dd6300fe09b324487d1f11205ecb9a8f6ae7be14fb8d1ed1f0b6f964a2842"
  name = "github.com/ugorji/go"
  packages = ["codec"]
  pruneopts = ""
  revision = "54210f4e076c57f351166f0ed60e67d3fca57a36"

[[projects]]
  branch = "master"
  digest = "1:d95911561cda18ce774be0702e42b8fa61a24180fbab22d9448c7a0a309b443e"
  name = "golang.org/x/net"
  packages = [
    "context",
    "http2",
    "http2/hpack",
    "idna",
    "internal/timeseries",
    "lex/httplex",
    "trace",
  ]
  pruneopts = ""
  revision = "0744d001aa8470aaa53df28d32e5ceeb8af9bd70"

[[projects]]
  branch = "master"
  digest = "1:4f4e4821bea6e7173364c8fd8fceb9bfa2cb3368f0d312e866137a4ec8d364d3"
  name = "golang.org/x/sys"
  packages = ["unix"]
  pruneopts = ""
  revision = "429f518978ab01db8bb6f44b66785088e7fba58b"

[[projects]]
  branch = "master"
  digest = "1:6ffd50f330d82d5a92f109253f3831900ccb99f973fb7d614e54ceaf6a41dcec"
  name = "golang.org/x/text"
  packages = [
    "collate",
    "collate/build",
    "internal/colltab",
    "internal/gen",
    "internal/tag",
    "internal/triegen",
    "internal/ucd",
    "language",
    "secure/bidirule",
    "transform",
    "unicode/bidi",
    "unicode/cldr",
    "unicode/norm",
    "unicode/rangetable",
  ]
  pruneopts = ""
  revision = "1cbadb444a806fd9430d14ad08967ed91da4fa0a"

[[projects]]
  branch = "master"
  digest = "1:6c15114fafeac4c833544476dec4207a3476799d50ab5165af79eb97806884cf"
  name = "google.golang.org/genproto"
  packages = [
    "googleapis/api/annotations",
    "googleapis/rpc/status",
  ]
  pruneopts = ""
  revision = "7f0da29060c682909f650ad8ed4e515bd74fa12a"

[[projects]]
  digest = "1:20c0c49f4f37f8de110b7311ee1988d47dfb0413fb3f57a680b187453b5d1d05"
  name = "google.golang.org/grpc"
  packages = [
    ".",
    "balancer",
    "codes",
    "connectivity",
    "credentials",
    "grpclb/grpc_lb_v1/messages",
    "grpclog",
    "health/grpc_health_v1",
    "internal",
    "keepalive",
    "metadata",
    "naming",
    "peer",
    "resolver",
    "stats",
    "status",
    "tap",
    "transport",
  ]
  pruneopts = ""
  revision = "401e0e00e4bb830a10496d64cd95e068c5bf50de"
  version = "v1.7.3"

[[projects]]
  digest = "1:dd549e360e5a8f982a28c2bcbe667307ceffe538ed9afc7c965524f1ac285b3f"
  name = "gopkg.in/go-playground/validator.v8"
  packages = ["."]
  pruneopts = ""
  revision = "5f1438d3fca68893a817e4a66806cea46a9e4ebf"
  version = "v8.18.2"

[[projects]]
  digest = "1:e26d0f8ccaf4087b93306d5e20e4816258116868ad6c6da0f2b4926c72fb92fa"
  name = "gopkg.in/ini.v1"
  packages = ["."]
  pruneopts = ""
  revision = "20b96f641a5ea98f2f8619ff4f3e061cff4833bd"
  version = "v1.28.2"

[[projects]]
  digest = "1:a122dda53335d6df4a9b3ba1f30b902c8c326251b0c831603177874bcc79a2f3"
  name = "gopkg.in/ldap.v3"
  packages = ["."]
  pruneopts = ""
  revision = "3c7ebc5837612e50ae3a60b8e9933837c9193f5f"
  version = "v3.1.3"

[[projects]]
  branch = "v2"
  digest = "1:81314a486195626940617e43740b4fa073f265b0715c9f54ce2027fee1cb5f61"
  name = "gopkg.in/yaml.v2"
  packages = ["."]
  pruneopts = ""
  revision = "eb3733d160e74a9c7e442f435eb3bea458e1d19f"

[solve-meta]
  analyzer-name = "dep"
  analyzer-version = 1
  input-imports = [
    "github.com/VendettA01/e3w/auth",
    "github.com/coreos/etcd/auth/authpb",
    "github.com/coreos/etcd/clientv3",
    "github.com/coreos/etcd/etcdserver/etcdserverpb",
    "github.com/coreos/etcd/pkg/transport",
    "github.com/coreos/etcd/version",
    "github.com/gin-gonic/gin",
    "github.com/golang/mock/gomock",
    "github.com/pkg/errors",
    "github.com/satori/go.uuid",
    "github.com/soyking/e3ch",
    "golang.org/x/net/context",
    "gopkg.in/ini.v1",
    "gopkg.in/ldap.v3",
  ]
  solver-name = "gps-cdcl"
  solver-version = 1
